
Microsoft Visual Studio Solution File, Format Version 12.00
# Visual Studio Version 17
VisualStudioVersion = 17.3.32825.248
MinimumVisualStudioVersion = 10.0.40219.1
Project("{FAE04EC0-301F-11D3-BF4B-00C04F79EFBC}") = "mamestagram patcher", "mamestagram patcher.csproj", "{924380FE-EABF-40EB-991B-85E796C43414}"
EndProject
Global
	GlobalSection(SolutionConfigurationPlatforms) = preSolution
		Debug|Any CPU = Debug|Any CPU
		Release|Any CPU = Release|Any CPU
	EndGlobalSection
	GlobalSection(ProjectConfigurationPlatforms) = postSolution
		{924380FE-EABF-40EB-991B-85E796C43414}.Debug|Any CPU.ActiveCfg = Debug|Any CPU
		{924380FE-EABF-40EB-991B-85E796C43414}.Debug|Any CPU.Build.0 = Debug|Any CPU
		{924380FE-EABF-40EB-991B-85E796C43414}.Release|Any CPU.ActiveCfg = Release|Any CPU
		{924380FE-EABF-40EB-991B-85E796C43414}.Release|Any CPU.Build.0 = Release|Any CPU
	EndGlobalSection
	GlobalSection(SolutionProperties) = preSolution
		HideSolutionNode = FALSE
	EndGlobalSection
	GlobalSection(ExtensibilityGlobals) = postSolution
		SolutionGuid = {17B46DC7-D730-4A20-8C57-06A08A8FB7D7}
	EndGlobalSection
EndGlobal
